
Microsoft Visual Studio Solution File, Format Version 12.00
# Visual Studio Version 16
VisualStudioVersion = 25.0.1706.0
MinimumVisualStudioVersion = 10.0.40219.1
Project("{FAE04EC0-301F-11D3-BF4B-00C04F79EFBC}") = "Solita-CityBikes", "Solita-CityBikes.csproj", "{051CBCF7-0369-4134-A14E-AC0420347370}"
EndProject
Project("{FAE04EC0-301F-11D3-BF4B-00C04F79EFBC}") = "Solita-CityBikes-tests", "..\Solita-CityBikes-\Solita-CityBikes-tests.csproj", "{0D2E6FF0-ED50-4709-848E-DA61AE522680}"
EndProject
Global
	GlobalSection(SolutionConfigurationPlatforms) = preSolution
		Debug|Any CPU = Debug|Any CPU
		Release|Any CPU = Release|Any CPU
	EndGlobalSection
	GlobalSection(ProjectConfigurationPlatforms) = postSolution
		{051CBCF7-0369-4134-A14E-AC0420347370}.Debug|Any CPU.ActiveCfg = Debug|Any CPU
		{051CBCF7-0369-4134-A14E-AC0420347370}.Debug|Any CPU.Build.0 = Debug|Any CPU
		{051CBCF7-0369-4134-A14E-AC0420347370}.Release|Any CPU.ActiveCfg = Release|Any CPU
		{051CBCF7-0369-4134-A14E-AC0420347370}.Release|Any CPU.Build.0 = Release|Any CPU
		{0D2E6FF0-ED50-4709-848E-DA61AE522680}.Debug|Any CPU.ActiveCfg = Debug|Any CPU
		{0D2E6FF0-ED50-4709-848E-DA61AE522680}.Debug|Any CPU.Build.0 = Debug|Any CPU
		{0D2E6FF0-ED50-4709-848E-DA61AE522680}.Release|Any CPU.ActiveCfg = Release|Any CPU
		{0D2E6FF0-ED50-4709-848E-DA61AE522680}.Release|Any CPU.Build.0 = Release|Any CPU
	EndGlobalSection
	GlobalSection(SolutionProperties) = preSolution
		HideSolutionNode = FALSE
	EndGlobalSection
	GlobalSection(ExtensibilityGlobals) = postSolution
		SolutionGuid = {3FAEA22A-F2C6-41D2-B37D-B168F7B57F4B}
	EndGlobalSection
EndGlobal
